
Microsoft Visual Studio Solution File, Format Version 12.00
# Visual Studio Version 17
VisualStudioVersion = 17.6.33815.320
MinimumVisualStudioVersion = 10.0.40219.1
Project("{FAE04EC0-301F-11D3-BF4B-00C04F79EFBC}") = "CloudCustomers.API", "CloudCustomers.API\CloudCustomers.API.csproj", "{338C9BA4-6367-417D-AD9D-03C4B59490A8}"
EndProject
Project("{FAE04EC0-301F-11D3-BF4B-00C04F79EFBC}") = "CloudCustomers.UnitTests", "CloudCustomers.UnitTests\CloudCustomers.UnitTests.csproj", "{AE0C47F8-FCAF-45D4-B0B7-36566E98D203}"
EndProject
Global
	GlobalSection(SolutionConfigurationPlatforms) = preSolution
		Debug|Any CPU = Debug|Any CPU
		Release|Any CPU = Release|Any CPU
	EndGlobalSection
	GlobalSection(ProjectConfigurationPlatforms) = postSolution
		{338C9BA4-6367-417D-AD9D-03C4B59490A8}.Debug|Any CPU.ActiveCfg = Debug|Any CPU
		{338C9BA4-6367-417D-AD9D-03C4B59490A8}.Debug|Any CPU.Build.0 = Debug|Any CPU
		{338C9BA4-6367-417D-AD9D-03C4B59490A8}.Release|Any CPU.ActiveCfg = Release|Any CPU
		{338C9BA4-6367-417D-AD9D-03C4B59490A8}.Release|Any CPU.Build.0 = Release|Any CPU
		{AE0C47F8-FCAF-45D4-B0B7-36566E98D203}.Debug|Any CPU.ActiveCfg = Debug|Any CPU
		{AE0C47F8-FCAF-45D4-B0B7-36566E98D203}.Debug|Any CPU.Build.0 = Debug|Any CPU
		{AE0C47F8-FCAF-45D4-B0B7-36566E98D203}.Release|Any CPU.ActiveCfg = Release|Any CPU
		{AE0C47F8-FCAF-45D4-B0B7-36566E98D203}.Release|Any CPU.Build.0 = Release|Any CPU
	EndGlobalSection
	GlobalSection(SolutionProperties) = preSolution
		HideSolutionNode = FALSE
	EndGlobalSection
	GlobalSection(ExtensibilityGlobals) = postSolution
		SolutionGuid = {482D60D9-6767-4BB2-8748-5D8D0E0D702C}
	EndGlobalSection
EndGlobal
